<?xml version="1.0" encoding="utf-8"?>
<Project ToolsVersion="12.0" xmlns="http://schemas.microsoft.com/developer/msbuild/2003">
  <ItemGroup>
    <ClCompile Include="E:\ProgramDevelop\C++\MyStl\MySTL\test\test_main.cpp">
      <Filter>Source Files</Filter>
    </ClCompile>
  </ItemGroup>
  <ItemGroup>
    <CustomBuild Include="E:\ProgramDevelop\C++\MyStl\MySTL\test\CMakeLists.txt" />
  </ItemGroup>
  <ItemGroup>
    <Filter Include="Source Files">
      <UniqueIdentifier>{0E29EA97-D751-3526-B02E-582775DE2187}</UniqueIdentifier>
    </Filter>
  </ItemGroup>
</Project>
